
Microsoft Visual Studio Solution File, Format Version 12.00
# Visual Studio Version 17
VisualStudioVersion = 17.14.37012.4 d17.14
MinimumVisualStudioVersion = 10.0.40219.1
Project("{FAE04EC0-301F-11D3-BF4B-00C04F79EFBC}") = "ControleBruto", "ControleBruto\ControleBruto.csproj", "{7111EA13-BEDD-4CFD-A734-7B93F97873F1}"
EndProject
Global
	GlobalSection(SolutionConfigurationPlatforms) = preSolution
		Debug|Any CPU = Debug|Any CPU
		Release|Any CPU = Release|Any CPU
	EndGlobalSection
	GlobalSection(ProjectConfigurationPlatforms) = postSolution
		{7111EA13-BEDD-4CFD-A734-7B93F97873F1}.Debug|Any CPU.ActiveCfg = Debug|Any CPU
		{7111EA13-BEDD-4CFD-A734-7B93F97873F1}.Debug|Any CPU.Build.0 = Debug|Any CPU
		{7111EA13-BEDD-4CFD-A734-7B93F97873F1}.Release|Any CPU.ActiveCfg = Release|Any CPU
		{7111EA13-BEDD-4CFD-A734-7B93F97873F1}.Release|Any CPU.Build.0 = Release|Any CPU
	EndGlobalSection
	GlobalSection(SolutionProperties) = preSolution
		HideSolutionNode = FALSE
	EndGlobalSection
	GlobalSection(ExtensibilityGlobals) = postSolution
		SolutionGuid = {5BA805D5-C0E1-4B70-8567-3675ECCD8963}
	EndGlobalSection
EndGlobal
